{
  "version": 4,
  "terraform_version": "1.14.7",
  "serial": 47,
  "lineage": "af3eaec7-7947-8e96-4688-d97cf23532ed",
  "outputs": {
    "acm_certificate_arn": {
      "value": "arn:aws:acm:us-east-1:979665374784:certificate/32f69023-120e-40c9-a036-cc08f2e36d41",
      "type": "string"
    },
    "acm_validation_records": {
      "value": [
        {
          "domain_name": "uttarafarm.com",
          "record_name": "_1462c3108fb4d014a01d4adb3173904b.uttarafarm.com.",
          "record_type": "CNAME",
          "record_value": "_5f5f065e5df7a9c8c571386719a3dd4a.jkddzztszm.acm-validations.aws."
        },
        {
          "domain_name": "www.uttarafarm.com",
          "record_name": "_1202f0de7f6cfc74d728a76f04b4befb.www.uttarafarm.com.",
          "record_type": "CNAME",
          "record_value": "_e7737172895c023fdc3f1ec31cc953a1.jkddzztszm.acm-validations.aws."
        }
      ],
      "type": [
        "tuple",
        [
          [
            "object",
            {
              "domain_name": "string",
              "record_name": "string",
              "record_type": "string",
              "record_value": "string"
            }
          ],
          [
            "object",
            {
              "domain_name": "string",
              "record_name": "string",
              "record_type": "string",
              "record_value": "string"
            }
          ]
        ]
      ]
    },
    "cloudfront_distribution_id": {
      "value": "E2PT8PD4NYQX5K",
      "type": "string"
    },
    "cloudfront_domain_name": {
      "value": "dq714csjukt9y.cloudfront.net",
      "type": "string"
    },
    "cloudfront_hosted_zone_id": {
      "value": "Z2FDTNDATAQYW2",
      "type": "string"
    },
    "environment": {
      "value": "uttarwar-family",
      "type": "string"
    },
    "project_name": {
      "value": "uttarafarm",
      "type": "string"
    },
    "s3_bucket_regional_domain_name": {
      "value": "uttarafarm-website-bucket.s3.us-east-1.amazonaws.com",
      "type": "string"
    },
    "site_bucket_name": {
      "value": "uttarafarm-website-bucket",
      "type": "string"
    }
  },
  "resources": [
    {
      "mode": "data",
      "type": "aws_iam_policy_document",
      "name": "site_bucket_policy",
      "provider": "provider[\"registry.terraform.io/hashicorp/aws\"]",
      "instances": [
        {
          "schema_version": 0,
          "attributes": {
            "id": "1339537386",
            "json": "{\n  \"Version\": \"2012-10-17\",\n  \"Statement\": [\n    {\n      \"Sid\": \"AllowCloudFrontRead\",\n      \"Effect\": \"Allow\",\n      \"Action\": \"s3:GetObject\",\n      \"Resource\": \"arn:aws:s3:::uttarafarm-website-bucket/*\",\n      \"Principal\": {\n        \"Service\": \"cloudfront.amazonaws.com\"\n      },\n      \"Condition\": {\n        \"StringEquals\": {\n          \"AWS:SourceArn\": \"arn:aws:cloudfront::979665374784:distribution/E2PT8PD4NYQX5K\"\n        }\n      }\n    }\n  ]\n}",
            "minified_json": "{\"Version\":\"2012-10-17\",\"Statement\":[{\"Sid\":\"AllowCloudFrontRead\",\"Effect\":\"Allow\",\"Action\":\"s3:GetObject\",\"Resource\":\"arn:aws:s3:::uttarafarm-website-bucket/*\",\"Principal\":{\"Service\":\"cloudfront.amazonaws.com\"},\"Condition\":{\"StringEquals\":{\"AWS:SourceArn\":\"arn:aws:cloudfront::979665374784:distribution/E2PT8PD4NYQX5K\"}}}]}",
            "override_json": null,
            "override_policy_documents": null,
            "policy_id": null,
            "source_json": null,
            "source_policy_documents": null,
            "statement": [
              {
                "actions": [
                  "s3:GetObject"
                ],
                "condition": [
                  {
                    "test": "StringEquals",
                    "values": [
                      "arn:aws:cloudfront::979665374784:distribution/E2PT8PD4NYQX5K"
                    ],
                    "variable": "AWS:SourceArn"
                  }
                ],
                "effect": "Allow",
                "not_actions": [],
                "not_principals": [],
                "not_resources": [],
                "principals": [
                  {
                    "identifiers": [
                      "cloudfront.amazonaws.com"
                    ],
                    "type": "Service"
                  }
                ],
                "resources": [
                  "arn:aws:s3:::uttarafarm-website-bucket/*"
                ],
                "sid": "AllowCloudFrontRead"
              }
            ],
            "version": "2012-10-17"
          },
          "sensitive_attributes": [],
          "identity_schema_version": 0
        }
      ]
    },
    {
      "mode": "managed",
      "type": "aws_acm_certificate",
      "name": "site",
      "provider": "provider[\"registry.terraform.io/hashicorp/aws\"]",
      "instances": [
        {
          "schema_version": 0,
          "attributes": {
            "arn": "arn:aws:acm:us-east-1:979665374784:certificate/32f69023-120e-40c9-a036-cc08f2e36d41",
            "certificate_authority_arn": "",
            "certificate_body": null,
            "certificate_chain": null,
            "domain_name": "uttarafarm.com",
            "domain_validation_options": [
              {
                "domain_name": "uttarafarm.com",
                "resource_record_name": "_1462c3108fb4d014a01d4adb3173904b.uttarafarm.com.",
                "resource_record_type": "CNAME",
                "resource_record_value": "_5f5f065e5df7a9c8c571386719a3dd4a.jkddzztszm.acm-validations.aws."
              },
              {
                "domain_name": "www.uttarafarm.com",
                "resource_record_name": "_1202f0de7f6cfc74d728a76f04b4befb.www.uttarafarm.com.",
                "resource_record_type": "CNAME",
                "resource_record_value": "_e7737172895c023fdc3f1ec31cc953a1.jkddzztszm.acm-validations.aws."
              }
            ],
            "early_renewal_duration": "",
            "id": "arn:aws:acm:us-east-1:979665374784:certificate/32f69023-120e-40c9-a036-cc08f2e36d41",
            "key_algorithm": "RSA_2048",
            "not_after": "2026-11-19T23:59:59Z",
            "not_before": "2026-05-06T00:00:00Z",
            "options": [
              {
                "certificate_transparency_logging_preference": "ENABLED"
              }
            ],
            "pending_renewal": false,
            "private_key": null,
            "renewal_eligibility": "INELIGIBLE",
            "renewal_summary": [],
            "status": "ISSUED",
            "subject_alternative_names": [
              "uttarafarm.com",
              "www.uttarafarm.com"
            ],
            "tags": {},
            "tags_all": {
              "CostCenter": "uttarafarm-web",
              "Environment": "uttarwar-family",
              "ManagedBy": "terraform",
              "Owner": "nicket",
              "Project": "uttarafarm"
            },
            "type": "AMAZON_ISSUED",
            "validation_emails": [],
            "validation_method": "DNS",
            "validation_option": []
          },
          "sensitive_attributes": [
            [
              {
                "type": "get_attr",
                "value": "private_key"
              }
            ]
          ],
          "identity_schema_version": 0,
          "private": "bnVsbA==",
          "create_before_destroy": true
        }
      ]
    },
    {
      "mode": "managed",
      "type": "aws_acm_certificate_validation",
      "name": "site",
      "provider": "provider[\"registry.terraform.io/hashicorp/aws\"]",
      "instances": [
        {
          "schema_version": 0,
          "attributes": {
            "certificate_arn": "arn:aws:acm:us-east-1:979665374784:certificate/32f69023-120e-40c9-a036-cc08f2e36d41",
            "id": "2026-05-06 16:16:07.593 +0000 UTC",
            "timeouts": null,
            "validation_record_fqdns": [
              "_1202f0de7f6cfc74d728a76f04b4befb.www.uttarafarm.com.",
              "_1462c3108fb4d014a01d4adb3173904b.uttarafarm.com."
            ]
          },
          "sensitive_attributes": [],
          "identity_schema_version": 0,
          "private": "eyJlMmJmYjczMC1lY2FhLTExZTYtOGY4OC0zNDM2M2JjN2M0YzAiOnsiY3JlYXRlIjo0NTAwMDAwMDAwMDAwfX0=",
          "dependencies": [
            "aws_acm_certificate.site"
          ]
        }
      ]
    },
    {
      "mode": "managed",
      "type": "aws_cloudfront_distribution",
      "name": "site",
      "provider": "provider[\"registry.terraform.io/hashicorp/aws\"]",
      "instances": [
        {
          "schema_version": 1,
          "attributes": {
            "aliases": [
              "uttarafarm.com",
              "www.uttarafarm.com"
            ],
            "arn": "arn:aws:cloudfront::979665374784:distribution/E2PT8PD4NYQX5K",
            "caller_reference": "terraform-20260506161927328900000001",
            "comment": "Static website distribution for uttarafarm.com",
            "continuous_deployment_policy_id": "",
            "custom_error_response": [
              {
                "error_caching_min_ttl": null,
                "error_code": 403,
                "response_code": 200,
                "response_page_path": "/index.html"
              },
              {
                "error_caching_min_ttl": null,
                "error_code": 404,
                "response_code": 200,
                "response_page_path": "/index.html"
              }
            ],
            "default_cache_behavior": [
              {
                "allowed_methods": [
                  "GET",
                  "HEAD",
                  "OPTIONS"
                ],
                "cache_policy_id": "",
                "cached_methods": [
                  "GET",
                  "HEAD"
                ],
                "compress": true,
                "default_ttl": 0,
                "field_level_encryption_id": "",
                "forwarded_values": [
                  {
                    "cookies": [
                      {
                        "forward": "none",
                        "whitelisted_names": []
                      }
                    ],
                    "headers": [],
                    "query_string": false,
                    "query_string_cache_keys": []
                  }
                ],
                "function_association": [],
                "grpc_config": [
                  {
                    "enabled": false
                  }
                ],
                "lambda_function_association": [],
                "max_ttl": 0,
                "min_ttl": 0,
                "origin_request_policy_id": "",
                "realtime_log_config_arn": "",
                "response_headers_policy_id": "",
                "smooth_streaming": false,
                "target_origin_id": "s3-uttarafarm-website-bucket",
                "trusted_key_groups": [],
                "trusted_signers": [],
                "viewer_protocol_policy": "redirect-to-https"
              }
            ],
            "default_root_object": "index.html",
            "domain_name": "dq714csjukt9y.cloudfront.net",
            "enabled": true,
            "etag": "E23ZP02F085DFQ",
            "hosted_zone_id": "Z2FDTNDATAQYW2",
            "http_version": "http2",
            "id": "E2PT8PD4NYQX5K",
            "in_progress_validation_batches": 0,
            "is_ipv6_enabled": true,
            "last_modified_time": "2026-05-06 16:19:27.588 +0000 UTC",
            "logging_config": [],
            "ordered_cache_behavior": [],
            "origin": [
              {
                "connection_attempts": 3,
                "connection_timeout": 10,
                "custom_header": [],
                "custom_origin_config": [],
                "domain_name": "uttarafarm-website-bucket.s3.us-east-1.amazonaws.com",
                "origin_access_control_id": "E16D8C5SAV9KFN",
                "origin_id": "s3-uttarafarm-website-bucket",
                "origin_path": "",
                "origin_shield": [],
                "s3_origin_config": [],
                "vpc_origin_config": []
              }
            ],
            "origin_group": [],
            "price_class": "PriceClass_All",
            "restrictions": [
              {
                "geo_restriction": [
                  {
                    "locations": [],
                    "restriction_type": "none"
                  }
                ]
              }
            ],
            "retain_on_delete": false,
            "staging": false,
            "status": "Deployed",
            "tags": null,
            "tags_all": {
              "CostCenter": "uttarafarm-web",
              "Environment": "uttarwar-family",
              "ManagedBy": "terraform",
              "Owner": "nicket",
              "Project": "uttarafarm"
            },
            "trusted_key_groups": [
              {
                "enabled": false,
                "items": []
              }
            ],
            "trusted_signers": [
              {
                "enabled": false,
                "items": []
              }
            ],
            "viewer_certificate": [
              {
                "acm_certificate_arn": "arn:aws:acm:us-east-1:979665374784:certificate/32f69023-120e-40c9-a036-cc08f2e36d41",
                "cloudfront_default_certificate": false,
                "iam_certificate_id": "",
                "minimum_protocol_version": "TLSv1.2_2021",
                "ssl_support_method": "sni-only"
              }
            ],
            "wait_for_deployment": true,
            "web_acl_id": ""
          },
          "sensitive_attributes": [],
          "identity_schema_version": 0,
          "private": "eyJzY2hlbWFfdmVyc2lvbiI6IjEifQ==",
          "dependencies": [
            "aws_acm_certificate.site",
            "aws_acm_certificate_validation.site",
            "aws_cloudfront_origin_access_control.site",
            "aws_s3_bucket.site"
          ]
        }
      ]
    },
    {
      "mode": "managed",
      "type": "aws_cloudfront_origin_access_control",
      "name": "site",
      "provider": "provider[\"registry.terraform.io/hashicorp/aws\"]",
      "instances": [
        {
          "schema_version": 0,
          "attributes": {
            "arn": "arn:aws:cloudfront::979665374784:origin-access-control/E16D8C5SAV9KFN",
            "description": "Origin access control for uttarafarm-website-bucket",
            "etag": "ETVPDKIKX0DER",
            "id": "E16D8C5SAV9KFN",
            "name": "uttarafarm-uttarwar-fami-oac",
            "origin_access_control_origin_type": "s3",
            "signing_behavior": "always",
            "signing_protocol": "sigv4"
          },
          "sensitive_attributes": [],
          "identity_schema_version": 0,
          "private": "bnVsbA==",
          "dependencies": [
            "aws_s3_bucket.site"
          ]
        }
      ]
    },
    {
      "mode": "managed",
      "type": "aws_s3_bucket",
      "name": "site",
      "provider": "provider[\"registry.terraform.io/hashicorp/aws\"]",
      "instances": [
        {
          "schema_version": 0,
          "attributes": {
            "acceleration_status": "",
            "acl": null,
            "arn": "arn:aws:s3:::uttarafarm-website-bucket",
            "bucket": "uttarafarm-website-bucket",
            "bucket_domain_name": "uttarafarm-website-bucket.s3.amazonaws.com",
            "bucket_prefix": "",
            "bucket_regional_domain_name": "uttarafarm-website-bucket.s3.us-east-1.amazonaws.com",
            "cors_rule": [],
            "force_destroy": false,
            "grant": [
              {
                "id": "941c674d8a8984dc6b2dabc84b4438aebc28bf076f2cf10f8971d98213aa76e4",
                "permissions": [
                  "FULL_CONTROL"
                ],
                "type": "CanonicalUser",
                "uri": ""
              }
            ],
            "hosted_zone_id": "Z3AQBSTGFYJSTF",
            "id": "uttarafarm-website-bucket",
            "lifecycle_rule": [],
            "logging": [],
            "object_lock_configuration": [],
            "object_lock_enabled": false,
            "policy": "",
            "region": "us-east-1",
            "replication_configuration": [],
            "request_payer": "BucketOwner",
            "server_side_encryption_configuration": [
              {
                "rule": [
                  {
                    "apply_server_side_encryption_by_default": [
                      {
                        "kms_master_key_id": "",
                        "sse_algorithm": "AES256"
                      }
                    ],
                    "bucket_key_enabled": false
                  }
                ]
              }
            ],
            "tags": {},
            "tags_all": {
              "CostCenter": "uttarafarm-web",
              "Environment": "uttarwar-family",
              "ManagedBy": "terraform",
              "Owner": "nicket",
              "Project": "uttarafarm"
            },
            "timeouts": null,
            "versioning": [
              {
                "enabled": false,
                "mfa_delete": false
              }
            ],
            "website": [],
            "website_domain": null,
            "website_endpoint": null
          },
          "sensitive_attributes": [],
          "identity_schema_version": 0,
          "private": "eyJlMmJmYjczMC1lY2FhLTExZTYtOGY4OC0zNDM2M2JjN2M0YzAiOnsiY3JlYXRlIjoxMjAwMDAwMDAwMDAwLCJkZWxldGUiOjM2MDAwMDAwMDAwMDAsInJlYWQiOjEyMDAwMDAwMDAwMDAsInVwZGF0ZSI6MTIwMDAwMDAwMDAwMH19"
        }
      ]
    },
    {
      "mode": "managed",
      "type": "aws_s3_bucket_policy",
      "name": "site",
      "provider": "provider[\"registry.terraform.io/hashicorp/aws\"]",
      "instances": [
        {
          "schema_version": 0,
          "attributes": {
            "bucket": "uttarafarm-website-bucket",
            "id": "uttarafarm-website-bucket",
            "policy": "{\"Statement\":[{\"Action\":\"s3:GetObject\",\"Condition\":{\"StringEquals\":{\"AWS:SourceArn\":\"arn:aws:cloudfront::979665374784:distribution/E2PT8PD4NYQX5K\"}},\"Effect\":\"Allow\",\"Principal\":{\"Service\":\"cloudfront.amazonaws.com\"},\"Resource\":\"arn:aws:s3:::uttarafarm-website-bucket/*\",\"Sid\":\"AllowCloudFrontRead\"}],\"Version\":\"2012-10-17\"}"
          },
          "sensitive_attributes": [],
          "identity_schema_version": 0,
          "private": "bnVsbA==",
          "dependencies": [
            "aws_acm_certificate.site",
            "aws_acm_certificate_validation.site",
            "aws_cloudfront_distribution.site",
            "aws_cloudfront_origin_access_control.site",
            "aws_s3_bucket.site",
            "data.aws_iam_policy_document.site_bucket_policy"
          ]
        }
      ]
    },
    {
      "mode": "managed",
      "type": "aws_s3_bucket_public_access_block",
      "name": "site",
      "provider": "provider[\"registry.terraform.io/hashicorp/aws\"]",
      "instances": [
        {
          "schema_version": 0,
          "attributes": {
            "block_public_acls": true,
            "block_public_policy": true,
            "bucket": "uttarafarm-website-bucket",
            "id": "uttarafarm-website-bucket",
            "ignore_public_acls": true,
            "restrict_public_buckets": true
          },
          "sensitive_attributes": [],
          "identity_schema_version": 0,
          "private": "bnVsbA==",
          "dependencies": [
            "aws_s3_bucket.site"
          ]
        }
      ]
    }
  ],
  "check_results": [
    {
      "object_kind": "var",
      "config_addr": "var.aws_region",
      "status": "pass",
      "objects": [
        {
          "object_addr": "var.aws_region",
          "status": "pass"
        }
      ]
    },
    {
      "object_kind": "var",
      "config_addr": "var.environment",
      "status": "pass",
      "objects": [
        {
          "object_addr": "var.environment",
          "status": "pass"
        }
      ]
    }
  ]
}
